
Microsoft Visual Studio Solution File, Format Version 12.00
# Visual Studio Version 17
Project("{2150E333-8FDC-42A3-9474-1A3956D46DE8}") = "CMakePredefinedTargets", "CMakePredefinedTargets", "{BE9322C5-77A2-3C9E-BB4D-E8D30E815418}"
EndProject
Project("{2150E333-8FDC-42A3-9474-1A3956D46DE8}") = "External", "External", "{80577621-6607-3514-B391-76ABA04AAD8B}"
EndProject
Project("{2150E333-8FDC-42A3-9474-1A3956D46DE8}") = "Internal", "Internal", "{C74A1C1B-4E4E-35D1-BCD1-ED6CD6ABDE00}"
EndProject
Project("{2150E333-8FDC-42A3-9474-1A3956D46DE8}") = "Utils", "Utils", "{E4D0FA86-B418-3E2A-A0FA-7F2DFB10BFE9}"
EndProject
Project("{8BC9CEB8-8B4A-11D0-8D11-00A0C91BC942}") = "ALL_BUILD", "ALL_BUILD.vcxproj", "{01F91CFF-B05F-33CA-900A-7F1BE7F78921}"
	ProjectSection(ProjectDependencies) = postProject
		{28BEFF29-E3A0-3598-AB75-F8B3813AD869} = {28BEFF29-E3A0-3598-AB75-F8B3813AD869}
		{E28C41F1-729D-343B-8292-5595AC8E2A8F} = {E28C41F1-729D-343B-8292-5595AC8E2A8F}
		{03EB000D-0F81-33A1-86A5-C8FA88CE6AB6} = {03EB000D-0F81-33A1-86A5-C8FA88CE6AB6}
		{1B59356E-8E21-329C-AC54-8D5273638645} = {1B59356E-8E21-329C-AC54-8D5273638645}
		{EE224D6B-6F52-3E90-9452-C730187F6820} = {EE224D6B-6F52-3E90-9452-C730187F6820}
		{EEE0BBBC-E238-3765-B475-59A1ECA50D2D} = {EEE0BBBC-E238-3765-B475-59A1ECA50D2D}
		{AAA5940D-C35F-3AE6-8E9E-C9CEAEE17521} = {AAA5940D-C35F-3AE6-8E9E-C9CEAEE17521}
		{1A31568A-0071-3841-95DB-347C772278E4} = {1A31568A-0071-3841-95DB-347C772278E4}
		{D17DDE43-5C75-3B66-8F69-5810C3055761} = {D17DDE43-5C75-3B66-8F69-5810C3055761}
		{53D69F1E-B6C7-37A4-929E-13828F3AE7B6} = {53D69F1E-B6C7-37A4-929E-13828F3AE7B6}
		{A461FDF6-56ED-3BF9-AEDB-E2822AEBD1F6} = {A461FDF6-56ED-3BF9-AEDB-E2822AEBD1F6}
		{E12837B2-EF55-3407-8AED-CD41787984D6} = {E12837B2-EF55-3407-8AED-CD41787984D6}
		{CD61F737-AB5C-3FC9-941F-96DA2FC58251} = {CD61F737-AB5C-3FC9-941F-96DA2FC58251}
		{AB31500B-56C9-3155-9E0E-31B473757CE6} = {AB31500B-56C9-3155-9E0E-31B473757CE6}
		{7C21A67B-0529-3A76-9D09-BA92A53790EF} = {7C21A67B-0529-3A76-9D09-BA92A53790EF}
	EndProjectSection
EndProject
Project("{8BC9CEB8-8B4A-11D0-8D11-00A0C91BC942}") = "SYNC_RESOURCE-VoidKings", "SYNC_RESOURCE-VoidKings.vcxproj", "{28BEFF29-E3A0-3598-AB75-F8B3813AD869}"
	ProjectSection(ProjectDependencies) = postProject
		{03EB000D-0F81-33A1-86A5-C8FA88CE6AB6} = {03EB000D-0F81-33A1-86A5-C8FA88CE6AB6}
	EndProjectSection
EndProject
Project("{8BC9CEB8-8B4A-11D0-8D11-00A0C91BC942}") = "VoidKings", "VoidKings.vcxproj", "{E28C41F1-729D-343B-8292-5595AC8E2A8F}"
	ProjectSection(ProjectDependencies) = postProject
		{28BEFF29-E3A0-3598-AB75-F8B3813AD869} = {28BEFF29-E3A0-3598-AB75-F8B3813AD869}
		{03EB000D-0F81-33A1-86A5-C8FA88CE6AB6} = {03EB000D-0F81-33A1-86A5-C8FA88CE6AB6}
		{1B59356E-8E21-329C-AC54-8D5273638645} = {1B59356E-8E21-329C-AC54-8D5273638645}
		{EE224D6B-6F52-3E90-9452-C730187F6820} = {EE224D6B-6F52-3E90-9452-C730187F6820}
		{EEE0BBBC-E238-3765-B475-59A1ECA50D2D} = {EEE0BBBC-E238-3765-B475-59A1ECA50D2D}
		{AAA5940D-C35F-3AE6-8E9E-C9CEAEE17521} = {AAA5940D-C35F-3AE6-8E9E-C9CEAEE17521}
		{1A31568A-0071-3841-95DB-347C772278E4} = {1A31568A-0071-3841-95DB-347C772278E4}
		{D17DDE43-5C75-3B66-8F69-5810C3055761} = {D17DDE43-5C75-3B66-8F69-5810C3055761}
		{53D69F1E-B6C7-37A4-929E-13828F3AE7B6} = {53D69F1E-B6C7-37A4-929E-13828F3AE7B6}
		{A461FDF6-56ED-3BF9-AEDB-E2822AEBD1F6} = {A461FDF6-56ED-3BF9-AEDB-E2822AEBD1F6}
		{E12837B2-EF55-3407-8AED-CD41787984D6} = {E12837B2-EF55-3407-8AED-CD41787984D6}
		{CD61F737-AB5C-3FC9-941F-96DA2FC58251} = {CD61F737-AB5C-3FC9-941F-96DA2FC58251}
		{AB31500B-56C9-3155-9E0E-31B473757CE6} = {AB31500B-56C9-3155-9E0E-31B473757CE6}
		{7C21A67B-0529-3A76-9D09-BA92A53790EF} = {7C21A67B-0529-3A76-9D09-BA92A53790EF}
	EndProjectSection
EndProject
Project("{8BC9CEB8-8B4A-11D0-8D11-00A0C91BC942}") = "ZERO_CHECK", "ZERO_CHECK.vcxproj", "{03EB000D-0F81-33A1-86A5-C8FA88CE6AB6}"
	ProjectSection(ProjectDependencies) = postProject
	EndProjectSection
EndProject
Project("{8BC9CEB8-8B4A-11D0-8D11-00A0C91BC942}") = "cocos2d", "engine\cocos\core\cocos2d.vcxproj", "{1B59356E-8E21-329C-AC54-8D5273638645}"
	ProjectSection(ProjectDependencies) = postProject
		{03EB000D-0F81-33A1-86A5-C8FA88CE6AB6} = {03EB000D-0F81-33A1-86A5-C8FA88CE6AB6}
		{EE224D6B-6F52-3E90-9452-C730187F6820} = {EE224D6B-6F52-3E90-9452-C730187F6820}
		{EEE0BBBC-E238-3765-B475-59A1ECA50D2D} = {EEE0BBBC-E238-3765-B475-59A1ECA50D2D}
		{AAA5940D-C35F-3AE6-8E9E-C9CEAEE17521} = {AAA5940D-C35F-3AE6-8E9E-C9CEAEE17521}
		{1A31568A-0071-3841-95DB-347C772278E4} = {1A31568A-0071-3841-95DB-347C772278E4}
		{D17DDE43-5C75-3B66-8F69-5810C3055761} = {D17DDE43-5C75-3B66-8F69-5810C3055761}
		{53D69F1E-B6C7-37A4-929E-13828F3AE7B6} = {53D69F1E-B6C7-37A4-929E-13828F3AE7B6}
		{A461FDF6-56ED-3BF9-AEDB-E2822AEBD1F6} = {A461FDF6-56ED-3BF9-AEDB-E2822AEBD1F6}
		{E12837B2-EF55-3407-8AED-CD41787984D6} = {E12837B2-EF55-3407-8AED-CD41787984D6}
		{CD61F737-AB5C-3FC9-941F-96DA2FC58251} = {CD61F737-AB5C-3FC9-941F-96DA2FC58251}
		{AB31500B-56C9-3155-9E0E-31B473757CE6} = {AB31500B-56C9-3155-9E0E-31B473757CE6}
		{7C21A67B-0529-3A76-9D09-BA92A53790EF} = {7C21A67B-0529-3A76-9D09-BA92A53790EF}
	EndProjectSection
EndProject
Project("{8BC9CEB8-8B4A-11D0-8D11-00A0C91BC942}") = "ext_clipper", "engine\external\clipper\ext_clipper.vcxproj", "{EE224D6B-6F52-3E90-9452-C730187F6820}"
	ProjectSection(ProjectDependencies) = postProject
		{03EB000D-0F81-33A1-86A5-C8FA88CE6AB6} = {03EB000D-0F81-33A1-86A5-C8FA88CE6AB6}
	EndProjectSection
EndProject
Project("{8BC9CEB8-8B4A-11D0-8D11-00A0C91BC942}") = "ext_convertUTF", "engine\external\ConvertUTF\ext_convertUTF.vcxproj", "{EEE0BBBC-E238-3765-B475-59A1ECA50D2D}"
	ProjectSection(ProjectDependencies) = postProject
		{03EB000D-0F81-33A1-86A5-C8FA88CE6AB6} = {03EB000D-0F81-33A1-86A5-C8FA88CE6AB6}
	EndProjectSection
EndProject
Project("{8BC9CEB8-8B4A-11D0-8D11-00A0C91BC942}") = "ext_edtaa3func", "engine\external\edtaa3func\ext_edtaa3func.vcxproj", "{AAA5940D-C35F-3AE6-8E9E-C9CEAEE17521}"
	ProjectSection(ProjectDependencies) = postProject
		{03EB000D-0F81-33A1-86A5-C8FA88CE6AB6} = {03EB000D-0F81-33A1-86A5-C8FA88CE6AB6}
	EndProjectSection
EndProject
Project("{8BC9CEB8-8B4A-11D0-8D11-00A0C91BC942}") = "ext_md5", "engine\external\md5\ext_md5.vcxproj", "{1A31568A-0071-3841-95DB-347C772278E4}"
	ProjectSection(ProjectDependencies) = postProject
		{03EB000D-0F81-33A1-86A5-C8FA88CE6AB6} = {03EB000D-0F81-33A1-86A5-C8FA88CE6AB6}
	EndProjectSection
EndProject
Project("{8BC9CEB8-8B4A-11D0-8D11-00A0C91BC942}") = "ext_poly2tri", "engine\external\poly2tri\ext_poly2tri.vcxproj", "{D17DDE43-5C75-3B66-8F69-5810C3055761}"
	ProjectSection(ProjectDependencies) = postProject
		{03EB000D-0F81-33A1-86A5-C8FA88CE6AB6} = {03EB000D-0F81-33A1-86A5-C8FA88CE6AB6}
	EndProjectSection
EndProject
Project("{8BC9CEB8-8B4A-11D0-8D11-00A0C91BC942}") = "ext_recast", "engine\external\recast\ext_recast.vcxproj", "{53D69F1E-B6C7-37A4-929E-13828F3AE7B6}"
	ProjectSection(ProjectDependencies) = postProject
		{03EB000D-0F81-33A1-86A5-C8FA88CE6AB6} = {03EB000D-0F81-33A1-86A5-C8FA88CE6AB6}
	EndProjectSection
EndProject
Project("{8BC9CEB8-8B4A-11D0-8D11-00A0C91BC942}") = "ext_tinyxml2", "engine\external\tinyxml2\ext_tinyxml2.vcxproj", "{A461FDF6-56ED-3BF9-AEDB-E2822AEBD1F6}"
	ProjectSection(ProjectDependencies) = postProject
		{03EB000D-0F81-33A1-86A5-C8FA88CE6AB6} = {03EB000D-0F81-33A1-86A5-C8FA88CE6AB6}
	EndProjectSection
EndProject
Project("{8BC9CEB8-8B4A-11D0-8D11-00A0C91BC942}") = "ext_unzip", "engine\external\unzip\ext_unzip.vcxproj", "{E12837B2-EF55-3407-8AED-CD41787984D6}"
	ProjectSection(ProjectDependencies) = postProject
		{03EB000D-0F81-33A1-86A5-C8FA88CE6AB6} = {03EB000D-0F81-33A1-86A5-C8FA88CE6AB6}
	EndProjectSection
EndProject
Project("{8BC9CEB8-8B4A-11D0-8D11-00A0C91BC942}") = "ext_xxhash", "engine\external\xxhash\ext_xxhash.vcxproj", "{CD61F737-AB5C-3FC9-941F-96DA2FC58251}"
	ProjectSection(ProjectDependencies) = postProject
		{03EB000D-0F81-33A1-86A5-C8FA88CE6AB6} = {03EB000D-0F81-33A1-86A5-C8FA88CE6AB6}
	EndProjectSection
EndProject
Project("{8BC9CEB8-8B4A-11D0-8D11-00A0C91BC942}") = "ext_xxtea", "engine\external\xxtea\ext_xxtea.vcxproj", "{AB31500B-56C9-3155-9E0E-31B473757CE6}"
	ProjectSection(ProjectDependencies) = postProject
		{03EB000D-0F81-33A1-86A5-C8FA88CE6AB6} = {03EB000D-0F81-33A1-86A5-C8FA88CE6AB6}
	EndProjectSection
EndProject
Project("{8BC9CEB8-8B4A-11D0-8D11-00A0C91BC942}") = "external", "engine\external\external.vcxproj", "{7C21A67B-0529-3A76-9D09-BA92A53790EF}"
	ProjectSection(ProjectDependencies) = postProject
		{03EB000D-0F81-33A1-86A5-C8FA88CE6AB6} = {03EB000D-0F81-33A1-86A5-C8FA88CE6AB6}
		{EE224D6B-6F52-3E90-9452-C730187F6820} = {EE224D6B-6F52-3E90-9452-C730187F6820}
		{EEE0BBBC-E238-3765-B475-59A1ECA50D2D} = {EEE0BBBC-E238-3765-B475-59A1ECA50D2D}
		{AAA5940D-C35F-3AE6-8E9E-C9CEAEE17521} = {AAA5940D-C35F-3AE6-8E9E-C9CEAEE17521}
		{1A31568A-0071-3841-95DB-347C772278E4} = {1A31568A-0071-3841-95DB-347C772278E4}
		{D17DDE43-5C75-3B66-8F69-5810C3055761} = {D17DDE43-5C75-3B66-8F69-5810C3055761}
		{53D69F1E-B6C7-37A4-929E-13828F3AE7B6} = {53D69F1E-B6C7-37A4-929E-13828F3AE7B6}
		{A461FDF6-56ED-3BF9-AEDB-E2822AEBD1F6} = {A461FDF6-56ED-3BF9-AEDB-E2822AEBD1F6}
		{E12837B2-EF55-3407-8AED-CD41787984D6} = {E12837B2-EF55-3407-8AED-CD41787984D6}
		{CD61F737-AB5C-3FC9-941F-96DA2FC58251} = {CD61F737-AB5C-3FC9-941F-96DA2FC58251}
		{AB31500B-56C9-3155-9E0E-31B473757CE6} = {AB31500B-56C9-3155-9E0E-31B473757CE6}
	EndProjectSection
EndProject
Global
	GlobalSection(SolutionConfigurationPlatforms) = preSolution
		Debug|Win32 = Debug|Win32
		Release|Win32 = Release|Win32
		MinSizeRel|Win32 = MinSizeRel|Win32
		RelWithDebInfo|Win32 = RelWithDebInfo|Win32
	EndGlobalSection
	GlobalSection(ProjectConfigurationPlatforms) = postSolution
		{01F91CFF-B05F-33CA-900A-7F1BE7F78921}.Debug|Win32.ActiveCfg = Debug|Win32
		{01F91CFF-B05F-33CA-900A-7F1BE7F78921}.Release|Win32.ActiveCfg = Release|Win32
		{01F91CFF-B05F-33CA-900A-7F1BE7F78921}.MinSizeRel|Win32.ActiveCfg = MinSizeRel|Win32
		{01F91CFF-B05F-33CA-900A-7F1BE7F78921}.RelWithDebInfo|Win32.ActiveCfg = RelWithDebInfo|Win32
		{28BEFF29-E3A0-3598-AB75-F8B3813AD869}.Debug|Win32.ActiveCfg = Debug|Win32
		{28BEFF29-E3A0-3598-AB75-F8B3813AD869}.Debug|Win32.Build.0 = Debug|Win32
		{28BEFF29-E3A0-3598-AB75-F8B3813AD869}.Release|Win32.ActiveCfg = Release|Win32
		{28BEFF29-E3A0-3598-AB75-F8B3813AD869}.Release|Win32.Build.0 = Release|Win32
		{28BEFF29-E3A0-3598-AB75-F8B3813AD869}.MinSizeRel|Win32.ActiveCfg = MinSizeRel|Win32
		{28BEFF29-E3A0-3598-AB75-F8B3813AD869}.MinSizeRel|Win32.Build.0 = MinSizeRel|Win32
		{28BEFF29-E3A0-3598-AB75-F8B3813AD869}.RelWithDebInfo|Win32.ActiveCfg = RelWithDebInfo|Win32
		{28BEFF29-E3A0-3598-AB75-F8B3813AD869}.RelWithDebInfo|Win32.Build.0 = RelWithDebInfo|Win32
		{E28C41F1-729D-343B-8292-5595AC8E2A8F}.Debug|Win32.ActiveCfg = Debug|Win32
		{E28C41F1-729D-343B-8292-5595AC8E2A8F}.Debug|Win32.Build.0 = Debug|Win32
		{E28C41F1-729D-343B-8292-5595AC8E2A8F}.Release|Win32.ActiveCfg = Release|Win32
		{E28C41F1-729D-343B-8292-5595AC8E2A8F}.Release|Win32.Build.0 = Release|Win32
		{E28C41F1-729D-343B-8292-5595AC8E2A8F}.MinSizeRel|Win32.ActiveCfg = MinSizeRel|Win32
		{E28C41F1-729D-343B-8292-5595AC8E2A8F}.MinSizeRel|Win32.Build.0 = MinSizeRel|Win32
		{E28C41F1-729D-343B-8292-5595AC8E2A8F}.RelWithDebInfo|Win32.ActiveCfg = RelWithDebInfo|Win32
		{E28C41F1-729D-343B-8292-5595AC8E2A8F}.RelWithDebInfo|Win32.Build.0 = RelWithDebInfo|Win32
		{03EB000D-0F81-33A1-86A5-C8FA88CE6AB6}.Debug|Win32.ActiveCfg = Debug|Win32
		{03EB000D-0F81-33A1-86A5-C8FA88CE6AB6}.Debug|Win32.Build.0 = Debug|Win32
		{03EB000D-0F81-33A1-86A5-C8FA88CE6AB6}.Release|Win32.ActiveCfg = Release|Win32
		{03EB000D-0F81-33A1-86A5-C8FA88CE6AB6}.Release|Win32.Build.0 = Release|Win32
		{03EB000D-0F81-33A1-86A5-C8FA88CE6AB6}.MinSizeRel|Win32.ActiveCfg = MinSizeRel|Win32
		{03EB000D-0F81-33A1-86A5-C8FA88CE6AB6}.MinSizeRel|Win32.Build.0 = MinSizeRel|Win32
		{03EB000D-0F81-33A1-86A5-C8FA88CE6AB6}.RelWithDebInfo|Win32.ActiveCfg = RelWithDebInfo|Win32
		{03EB000D-0F81-33A1-86A5-C8FA88CE6AB6}.RelWithDebInfo|Win32.Build.0 = RelWithDebInfo|Win32
		{1B59356E-8E21-329C-AC54-8D5273638645}.Debug|Win32.ActiveCfg = Debug|Win32
		{1B59356E-8E21-329C-AC54-8D5273638645}.Debug|Win32.Build.0 = Debug|Win32
		{1B59356E-8E21-329C-AC54-8D5273638645}.Release|Win32.ActiveCfg = Release|Win32
		{1B59356E-8E21-329C-AC54-8D5273638645}.Release|Win32.Build.0 = Release|Win32
		{1B59356E-8E21-329C-AC54-8D5273638645}.MinSizeRel|Win32.ActiveCfg = MinSizeRel|Win32
		{1B59356E-8E21-329C-AC54-8D5273638645}.MinSizeRel|Win32.Build.0 = MinSizeRel|Win32
		{1B59356E-8E21-329C-AC54-8D5273638645}.RelWithDebInfo|Win32.ActiveCfg = RelWithDebInfo|Win32
		{1B59356E-8E21-329C-AC54-8D5273638645}.RelWithDebInfo|Win32.Build.0 = RelWithDebInfo|Win32
		{EE224D6B-6F52-3E90-9452-C730187F6820}.Debug|Win32.ActiveCfg = Debug|Win32
		{EE224D6B-6F52-3E90-9452-C730187F6820}.Debug|Win32.Build.0 = Debug|Win32
		{EE224D6B-6F52-3E90-9452-C730187F6820}.Release|Win32.ActiveCfg = Release|Win32
		{EE224D6B-6F52-3E90-9452-C730187F6820}.Release|Win32.Build.0 = Release|Win32
		{EE224D6B-6F52-3E90-9452-C730187F6820}.MinSizeRel|Win32.ActiveCfg = MinSizeRel|Win32
		{EE224D6B-6F52-3E90-9452-C730187F6820}.MinSizeRel|Win32.Build.0 = MinSizeRel|Win32
		{EE224D6B-6F52-3E90-9452-C730187F6820}.RelWithDebInfo|Win32.ActiveCfg = RelWithDebInfo|Win32
		{EE224D6B-6F52-3E90-9452-C730187F6820}.RelWithDebInfo|Win32.Build.0 = RelWithDebInfo|Win32
		{EEE0BBBC-E238-3765-B475-59A1ECA50D2D}.Debug|Win32.ActiveCfg = Debug|Win32
		{EEE0BBBC-E238-3765-B475-59A1ECA50D2D}.Debug|Win32.Build.0 = Debug|Win32
		{EEE0BBBC-E238-3765-B475-59A1ECA50D2D}.Release|Win32.ActiveCfg = Release|Win32
		{EEE0BBBC-E238-3765-B475-59A1ECA50D2D}.Release|Win32.Build.0 = Release|Win32
		{EEE0BBBC-E238-3765-B475-59A1ECA50D2D}.MinSizeRel|Win32.ActiveCfg = MinSizeRel|Win32
		{EEE0BBBC-E238-3765-B475-59A1ECA50D2D}.MinSizeRel|Win32.Build.0 = MinSizeRel|Win32
		{EEE0BBBC-E238-3765-B475-59A1ECA50D2D}.RelWithDebInfo|Win32.ActiveCfg = RelWithDebInfo|Win32
		{EEE0BBBC-E238-3765-B475-59A1ECA50D2D}.RelWithDebInfo|Win32.Build.0 = RelWithDebInfo|Win32
		{AAA5940D-C35F-3AE6-8E9E-C9CEAEE17521}.Debug|Win32.ActiveCfg = Debug|Win32
		{AAA5940D-C35F-3AE6-8E9E-C9CEAEE17521}.Debug|Win32.Build.0 = Debug|Win32
		{AAA5940D-C35F-3AE6-8E9E-C9CEAEE17521}.Release|Win32.ActiveCfg = Release|Win32
		{AAA5940D-C35F-3AE6-8E9E-C9CEAEE17521}.Release|Win32.Build.0 = Release|Win32
		{AAA5940D-C35F-3AE6-8E9E-C9CEAEE17521}.MinSizeRel|Win32.ActiveCfg = MinSizeRel|Win32
		{AAA5940D-C35F-3AE6-8E9E-C9CEAEE17521}.MinSizeRel|Win32.Build.0 = MinSizeRel|Win32
		{AAA5940D-C35F-3AE6-8E9E-C9CEAEE17521}.RelWithDebInfo|Win32.ActiveCfg = RelWithDebInfo|Win32
		{AAA5940D-C35F-3AE6-8E9E-C9CEAEE17521}.RelWithDebInfo|Win32.Build.0 = RelWithDebInfo|Win32
		{1A31568A-0071-3841-95DB-347C772278E4}.Debug|Win32.ActiveCfg = Debug|Win32
		{1A31568A-0071-3841-95DB-347C772278E4}.Debug|Win32.Build.0 = Debug|Win32
		{1A31568A-0071-3841-95DB-347C772278E4}.Release|Win32.ActiveCfg = Release|Win32
		{1A31568A-0071-3841-95DB-347C772278E4}.Release|Win32.Build.0 = Release|Win32
		{1A31568A-0071-3841-95DB-347C772278E4}.MinSizeRel|Win32.ActiveCfg = MinSizeRel|Win32
		{1A31568A-0071-3841-95DB-347C772278E4}.MinSizeRel|Win32.Build.0 = MinSizeRel|Win32
		{1A31568A-0071-3841-95DB-347C772278E4}.RelWithDebInfo|Win32.ActiveCfg = RelWithDebInfo|Win32
		{1A31568A-0071-3841-95DB-347C772278E4}.RelWithDebInfo|Win32.Build.0 = RelWithDebInfo|Win32
		{D17DDE43-5C75-3B66-8F69-5810C3055761}.Debug|Win32.ActiveCfg = Debug|Win32
		{D17DDE43-5C75-3B66-8F69-5810C3055761}.Debug|Win32.Build.0 = Debug|Win32
		{D17DDE43-5C75-3B66-8F69-5810C3055761}.Release|Win32.ActiveCfg = Release|Win32
		{D17DDE43-5C75-3B66-8F69-5810C3055761}.Release|Win32.Build.0 = Release|Win32
		{D17DDE43-5C75-3B66-8F69-5810C3055761}.MinSizeRel|Win32.ActiveCfg = MinSizeRel|Win32
		{D17DDE43-5C75-3B66-8F69-5810C3055761}.MinSizeRel|Win32.Build.0 = MinSizeRel|Win32
		{D17DDE43-5C75-3B66-8F69-5810C3055761}.RelWithDebInfo|Win32.ActiveCfg = RelWithDebInfo|Win32
		{D17DDE43-5C75-3B66-8F69-5810C3055761}.RelWithDebInfo|Win32.Build.0 = RelWithDebInfo|Win32
		{53D69F1E-B6C7-37A4-929E-13828F3AE7B6}.Debug|Win32.ActiveCfg = Debug|Win32
		{53D69F1E-B6C7-37A4-929E-13828F3AE7B6}.Debug|Win32.Build.0 = Debug|Win32
		{53D69F1E-B6C7-37A4-929E-13828F3AE7B6}.Release|Win32.ActiveCfg = Release|Win32
		{53D69F1E-B6C7-37A4-929E-13828F3AE7B6}.Release|Win32.Build.0 = Release|Win32
		{53D69F1E-B6C7-37A4-929E-13828F3AE7B6}.MinSizeRel|Win32.ActiveCfg = MinSizeRel|Win32
		{53D69F1E-B6C7-37A4-929E-13828F3AE7B6}.MinSizeRel|Win32.Build.0 = MinSizeRel|Win32
		{53D69F1E-B6C7-37A4-929E-13828F3AE7B6}.RelWithDebInfo|Win32.ActiveCfg = RelWithDebInfo|Win32
		{53D69F1E-B6C7-37A4-929E-13828F3AE7B6}.RelWithDebInfo|Win32.Build.0 = RelWithDebInfo|Win32
		{A461FDF6-56ED-3BF9-AEDB-E2822AEBD1F6}.Debug|Win32.ActiveCfg = Debug|Win32
		{A461FDF6-56ED-3BF9-AEDB-E2822AEBD1F6}.Debug|Win32.Build.0 = Debug|Win32
		{A461FDF6-56ED-3BF9-AEDB-E2822AEBD1F6}.Release|Win32.ActiveCfg = Release|Win32
		{A461FDF6-56ED-3BF9-AEDB-E2822AEBD1F6}.Release|Win32.Build.0 = Release|Win32
		{A461FDF6-56ED-3BF9-AEDB-E2822AEBD1F6}.MinSizeRel|Win32.ActiveCfg = MinSizeRel|Win32
		{A461FDF6-56ED-3BF9-AEDB-E2822AEBD1F6}.MinSizeRel|Win32.Build.0 = MinSizeRel|Win32
		{A461FDF6-56ED-3BF9-AEDB-E2822AEBD1F6}.RelWithDebInfo|Win32.ActiveCfg = RelWithDebInfo|Win32
		{A461FDF6-56ED-3BF9-AEDB-E2822AEBD1F6}.RelWithDebInfo|Win32.Build.0 = RelWithDebInfo|Win32
		{E12837B2-EF55-3407-8AED-CD41787984D6}.Debug|Win32.ActiveCfg = Debug|Win32
		{E12837B2-EF55-3407-8AED-CD41787984D6}.Debug|Win32.Build.0 = Debug|Win32
		{E12837B2-EF55-3407-8AED-CD41787984D6}.Release|Win32.ActiveCfg = Release|Win32
		{E12837B2-EF55-3407-8AED-CD41787984D6}.Release|Win32.Build.0 = Release|Win32
		{E12837B2-EF55-3407-8AED-CD41787984D6}.MinSizeRel|Win32.ActiveCfg = MinSizeRel|Win32
		{E12837B2-EF55-3407-8AED-CD41787984D6}.MinSizeRel|Win32.Build.0 = MinSizeRel|Win32
		{E12837B2-EF55-3407-8AED-CD41787984D6}.RelWithDebInfo|Win32.ActiveCfg = RelWithDebInfo|Win32
		{E12837B2-EF55-3407-8AED-CD41787984D6}.RelWithDebInfo|Win32.Build.0 = RelWithDebInfo|Win32
		{CD61F737-AB5C-3FC9-941F-96DA2FC58251}.Debug|Win32.ActiveCfg = Debug|Win32
		{CD61F737-AB5C-3FC9-941F-96DA2FC58251}.Debug|Win32.Build.0 = Debug|Win32
		{CD61F737-AB5C-3FC9-941F-96DA2FC58251}.Release|Win32.ActiveCfg = Release|Win32
		{CD61F737-AB5C-3FC9-941F-96DA2FC58251}.Release|Win32.Build.0 = Release|Win32
		{CD61F737-AB5C-3FC9-941F-96DA2FC58251}.MinSizeRel|Win32.ActiveCfg = MinSizeRel|Win32
		{CD61F737-AB5C-3FC9-941F-96DA2FC58251}.MinSizeRel|Win32.Build.0 = MinSizeRel|Win32
		{CD61F737-AB5C-3FC9-941F-96DA2FC58251}.RelWithDebInfo|Win32.ActiveCfg = RelWithDebInfo|Win32
		{CD61F737-AB5C-3FC9-941F-96DA2FC58251}.RelWithDebInfo|Win32.Build.0 = RelWithDebInfo|Win32
		{AB31500B-56C9-3155-9E0E-31B473757CE6}.Debug|Win32.ActiveCfg = Debug|Win32
		{AB31500B-56C9-3155-9E0E-31B473757CE6}.Debug|Win32.Build.0 = Debug|Win32
		{AB31500B-56C9-3155-9E0E-31B473757CE6}.Release|Win32.ActiveCfg = Release|Win32
		{AB31500B-56C9-3155-9E0E-31B473757CE6}.Release|Win32.Build.0 = Release|Win32
		{AB31500B-56C9-3155-9E0E-31B473757CE6}.MinSizeRel|Win32.ActiveCfg = MinSizeRel|Win32
		{AB31500B-56C9-3155-9E0E-31B473757CE6}.MinSizeRel|Win32.Build.0 = MinSizeRel|Win32
		{AB31500B-56C9-3155-9E0E-31B473757CE6}.RelWithDebInfo|Win32.ActiveCfg = RelWithDebInfo|Win32
		{AB31500B-56C9-3155-9E0E-31B473757CE6}.RelWithDebInfo|Win32.Build.0 = RelWithDebInfo|Win32
		{7C21A67B-0529-3A76-9D09-BA92A53790EF}.Debug|Win32.ActiveCfg = Debug|Win32
		{7C21A67B-0529-3A76-9D09-BA92A53790EF}.Debug|Win32.Build.0 = Debug|Win32
		{7C21A67B-0529-3A76-9D09-BA92A53790EF}.Release|Win32.ActiveCfg = Release|Win32
		{7C21A67B-0529-3A76-9D09-BA92A53790EF}.Release|Win32.Build.0 = Release|Win32
		{7C21A67B-0529-3A76-9D09-BA92A53790EF}.MinSizeRel|Win32.ActiveCfg = MinSizeRel|Win32
		{7C21A67B-0529-3A76-9D09-BA92A53790EF}.MinSizeRel|Win32.Build.0 = MinSizeRel|Win32
		{7C21A67B-0529-3A76-9D09-BA92A53790EF}.RelWithDebInfo|Win32.ActiveCfg = RelWithDebInfo|Win32
		{7C21A67B-0529-3A76-9D09-BA92A53790EF}.RelWithDebInfo|Win32.Build.0 = RelWithDebInfo|Win32
	EndGlobalSection
	GlobalSection(NestedProjects) = preSolution
		{01F91CFF-B05F-33CA-900A-7F1BE7F78921} = {BE9322C5-77A2-3C9E-BB4D-E8D30E815418}
		{03EB000D-0F81-33A1-86A5-C8FA88CE6AB6} = {BE9322C5-77A2-3C9E-BB4D-E8D30E815418}
		{EE224D6B-6F52-3E90-9452-C730187F6820} = {80577621-6607-3514-B391-76ABA04AAD8B}
		{EEE0BBBC-E238-3765-B475-59A1ECA50D2D} = {80577621-6607-3514-B391-76ABA04AAD8B}
		{AAA5940D-C35F-3AE6-8E9E-C9CEAEE17521} = {80577621-6607-3514-B391-76ABA04AAD8B}
		{1A31568A-0071-3841-95DB-347C772278E4} = {80577621-6607-3514-B391-76ABA04AAD8B}
		{D17DDE43-5C75-3B66-8F69-5810C3055761} = {80577621-6607-3514-B391-76ABA04AAD8B}
		{53D69F1E-B6C7-37A4-929E-13828F3AE7B6} = {80577621-6607-3514-B391-76ABA04AAD8B}
		{A461FDF6-56ED-3BF9-AEDB-E2822AEBD1F6} = {80577621-6607-3514-B391-76ABA04AAD8B}
		{E12837B2-EF55-3407-8AED-CD41787984D6} = {80577621-6607-3514-B391-76ABA04AAD8B}
		{CD61F737-AB5C-3FC9-941F-96DA2FC58251} = {80577621-6607-3514-B391-76ABA04AAD8B}
		{AB31500B-56C9-3155-9E0E-31B473757CE6} = {80577621-6607-3514-B391-76ABA04AAD8B}
		{7C21A67B-0529-3A76-9D09-BA92A53790EF} = {80577621-6607-3514-B391-76ABA04AAD8B}
		{1B59356E-8E21-329C-AC54-8D5273638645} = {C74A1C1B-4E4E-35D1-BCD1-ED6CD6ABDE00}
		{28BEFF29-E3A0-3598-AB75-F8B3813AD869} = {E4D0FA86-B418-3E2A-A0FA-7F2DFB10BFE9}
	EndGlobalSection
	GlobalSection(ExtensibilityGlobals) = postSolution
		SolutionGuid = {91BFC2AB-54F4-3FAE-8799-6A943C858355}
	EndGlobalSection
	GlobalSection(ExtensibilityAddIns) = postSolution
	EndGlobalSection
EndGlobal
