<?xml version="1.0" encoding="utf-8"?>
<Project ToolsVersion="4.0" xmlns="http://schemas.microsoft.com/developer/msbuild/2003">
  <ItemGroup>
    <Filter Include="win32">
      <UniqueIdentifier>{84a8ebd7-7cf0-47f6-b75e-d441df67da40}</UniqueIdentifier>
    </Filter>
    <Filter Include="resource">
      <UniqueIdentifier>{715254bc-d70b-4ec5-bf29-467dd3ace079}</UniqueIdentifier>
    </Filter>
    <Filter Include="src">
      <UniqueIdentifier>{bb6c862e-70e9-49d9-81b7-3829a6f50471}</UniqueIdentifier>
    </Filter>
  </ItemGroup>
  <ItemGroup>
    <ClCompile Include="main.cpp">
      <Filter>win32</Filter>
    </ClCompile>
    <ClCompile Include="..\Classes\AppDelegate.cpp">
      <Filter>src</Filter>
    </ClCompile>
    <ClCompile Include="..\Classes\HelloWorldScene.cpp">
      <Filter>src</Filter>
    </ClCompile>
    <ClCompile Include="..\Classes\Core\ResourceManager.cpp" />
    <ClCompile Include="..\Classes\Buildings\Building.cpp" />
    <ClCompile Include="..\Classes\Buildings\DefenseBuilding.cpp" />
    <ClCompile Include="..\Classes\Buildings\ProductionBuilding.cpp" />
    <ClCompile Include="..\Classes\Buildings\StorageBuilding.cpp" />
    <ClCompile Include="..\Classes\Buildings\Barracks.cpp" />
    <ClCompile Include="..\Classes\Units\Unit.cpp" />
    <ClCompile Include="..\Classes\Projectiles\Projectile.cpp" />
    <ClCompile Include="..\Classes\Potions\Potion.cpp" />
    <ClCompile Include="..\Classes\Scenes\MainMenuScene.cpp" />
    <ClCompile Include="..\Classes\Scenes\BaseScene.cpp" />
    <ClCompile Include="..\Classes\Scenes\BattleScene.cpp" />
  </ItemGroup>
  <ItemGroup>
    <ClInclude Include="main.h">
      <Filter>win32</Filter>
    </ClInclude>
    <ClInclude Include="..\Classes\AppDelegate.h">
      <Filter>src</Filter>
    </ClInclude>
    <ClInclude Include="..\Classes\HelloWorldScene.h">
      <Filter>src</Filter>
    </ClInclude>
    <ClInclude Include="..\Classes\Core\GameDefines.h" />
    <ClInclude Include="..\Classes\Core\ResourceManager.h" />
    <ClInclude Include="..\Classes\Buildings\Building.h" />
    <ClInclude Include="..\Classes\Buildings\DefenseBuilding.h" />
    <ClInclude Include="..\Classes\Buildings\ProductionBuilding.h" />
    <ClInclude Include="..\Classes\Buildings\StorageBuilding.h" />
    <ClInclude Include="..\Classes\Buildings\Barracks.h" />
    <ClInclude Include="..\Classes\Units\Unit.h" />
    <ClInclude Include="..\Classes\Projectiles\Projectile.h" />
    <ClInclude Include="..\Classes\Potions\Potion.h" />
    <ClInclude Include="..\Classes\Scenes\MainMenuScene.h" />
    <ClInclude Include="..\Classes\Scenes\BaseScene.h" />
    <ClInclude Include="..\Classes\Scenes\BattleScene.h" />
  </ItemGroup>
  <ItemGroup>
    <ResourceCompile Include="game.rc">
      <Filter>resource</Filter>
    </ResourceCompile>
  </ItemGroup>
</Project>